// !$*UTF8*$!
{
	archiveVersion = 1;
	classes = {
	};
	objectVersion = 46;
	objects = {

/* Begin PBXBuildFile section */
		BE1443C2193AF4A000FC9DE4 /* CoverImage.m in Sources */ = {isa = PBXBuildFile; fileRef = BE1443C1193AF4A000FC9DE4 /* CoverImage.m */; };
		BE1443C5193AF4A000FC9DE4 /* Page.m in Sources */ = {isa = PBXBuildFile; fileRef = BE1443C4193AF4A000FC9DE4 /* Page.m */; };
		BE1443C8193AF4A000FC9DE4 /* Manga.m in Sources */ = {isa = PBXBuildFile; fileRef = BE1443C7193AF4A000FC9DE4 /* Manga.m */; };
		BE1443CB193AF4A000FC9DE4 /* Chapter.m in Sources */ = {isa = PBXBuildFile; fileRef = BE1443CA193AF4A000FC9DE4 /* Chapter.m */; };
		BE2B925F18C2281E003EC6D7 /* Foundation.framework in Frameworks */ = {isa = PBXBuildFile; fileRef = BE2B925E18C2281E003EC6D7 /* Foundation.framework */; };
		BE2B926118C2281E003EC6D7 /* CoreGraphics.framework in Frameworks */ = {isa = PBXBuildFile; fileRef = BE2B926018C2281E003EC6D7 /* CoreGraphics.framework */; };
		BE2B926318C2281E003EC6D7 /* UIKit.framework in Frameworks */ = {isa = PBXBuildFile; fileRef = BE2B926218C2281E003EC6D7 /* UIKit.framework */; };
		BE2B926518C2281E003EC6D7 /* CoreData.framework in Frameworks */ = {isa = PBXBuildFile; fileRef = BE2B926418C2281E003EC6D7 /* CoreData.framework */; };
		BE2B926B18C2281E003EC6D7 /* InfoPlist.strings in Resources */ = {isa = PBXBuildFile; fileRef = BE2B926918C2281E003EC6D7 /* InfoPlist.strings */; };
		BE2B926D18C2281E003EC6D7 /* main.m in Sources */ = {isa = PBXBuildFile; fileRef = BE2B926C18C2281E003EC6D7 /* main.m */; };
		BE2B927118C2281E003EC6D7 /* MangaBoxAppDelegate.m in Sources */ = {isa = PBXBuildFile; fileRef = BE2B927018C2281E003EC6D7 /* MangaBoxAppDelegate.m */; };
		BE2B927418C2281E003EC6D7 /* Main_iPhone.storyboard in Resources */ = {isa = PBXBuildFile; fileRef = BE2B927218C2281E003EC6D7 /* Main_iPhone.storyboard */; };
		BE2B927718C2281E003EC6D7 /* Main_iPad.storyboard in Resources */ = {isa = PBXBuildFile; fileRef = BE2B927518C2281E003EC6D7 /* Main_iPad.storyboard */; };
		BE2B927A18C2281E003EC6D7 /* MangaBox.xcdatamodeld in Sources */ = {isa = PBXBuildFile; fileRef = BE2B927818C2281E003EC6D7 /* MangaBox.xcdatamodeld */; };
		BE2B928218C2281E003EC6D7 /* Images.xcassets in Resources */ = {isa = PBXBuildFile; fileRef = BE2B928118C2281E003EC6D7 /* Images.xcassets */; };
		BE2B928918C2281E003EC6D7 /* XCTest.framework in Frameworks */ = {isa = PBXBuildFile; fileRef = BE2B928818C2281E003EC6D7 /* XCTest.framework */; };
		BE2B928A18C2281E003EC6D7 /* Foundation.framework in Frameworks */ = {isa = PBXBuildFile; fileRef = BE2B925E18C2281E003EC6D7 /* Foundation.framework */; };
		BE2B928B18C2281E003EC6D7 /* UIKit.framework in Frameworks */ = {isa = PBXBuildFile; fileRef = BE2B926218C2281E003EC6D7 /* UIKit.framework */; };
		BE2B928C18C2281E003EC6D7 /* CoreData.framework in Frameworks */ = {isa = PBXBuildFile; fileRef = BE2B926418C2281E003EC6D7 /* CoreData.framework */; };
		BE2B929418C2281E003EC6D7 /* InfoPlist.strings in Resources */ = {isa = PBXBuildFile; fileRef = BE2B929218C2281E003EC6D7 /* InfoPlist.strings */; };
		BE2B929618C2281E003EC6D7 /* MangaBoxTests.m in Sources */ = {isa = PBXBuildFile; fileRef = BE2B929518C2281E003EC6D7 /* MangaBoxTests.m */; };
		BE2B92A118C228CB003EC6D7 /* MangafoxFetcher.m in Sources */ = {isa = PBXBuildFile; fileRef = BE2B92A018C228CB003EC6D7 /* MangafoxFetcher.m */; };
		BE2B92BD18C243EB003EC6D7 /* libxml2.dylib in Frameworks */ = {isa = PBXBuildFile; fileRef = BE2B92BC18C243EB003EC6D7 /* libxml2.dylib */; };
		BE2B92C018C24ABF003EC6D7 /* SearchedMangaViewController.m in Sources */ = {isa = PBXBuildFile; fileRef = BE2B92BF18C24ABF003EC6D7 /* SearchedMangaViewController.m */; };
		BE2B92C618C31DFA003EC6D7 /* ParsedMangasTVC.m in Sources */ = {isa = PBXBuildFile; fileRef = BE2B92C518C31DFA003EC6D7 /* ParsedMangasTVC.m */; };
		BE3D847618CE173600AD9753 /* Chapter+Create.m in Sources */ = {isa = PBXBuildFile; fileRef = BE3D847518CE173600AD9753 /* Chapter+Create.m */; };
		BEA58B6118DB309D002B7FB0 /* UIImage+Thumbnail.m in Sources */ = {isa = PBXBuildFile; fileRef = BEA58B6018DB309D002B7FB0 /* UIImage+Thumbnail.m */; };
		BEA58B7018DC3E0B002B7FB0 /* ImageScrollView.m in Sources */ = {isa = PBXBuildFile; fileRef = BEA58B6F18DC3E0B002B7FB0 /* ImageScrollView.m */; };
		BEA58B7618DCD63E002B7FB0 /* ChaptersByBookmarkCDTVC.m in Sources */ = {isa = PBXBuildFile; fileRef = BEA58B7518DCD63E002B7FB0 /* ChaptersByBookmarkCDTVC.m */; };
		BEA58B7F18DDA032002B7FB0 /* AddMangaConfirmViewController.m in Sources */ = {isa = PBXBuildFile; fileRef = BEA58B7E18DDA032002B7FB0 /* AddMangaConfirmViewController.m */; };
		BEA58B8518DDCA4D002B7FB0 /* BrowserViewController.m in Sources */ = {isa = PBXBuildFile; fileRef = BEA58B8418DDCA4D002B7FB0 /* BrowserViewController.m */; };
		BEA58B8818DE1E59002B7FB0 /* MangareaderFetcher.m in Sources */ = {isa = PBXBuildFile; fileRef = BEA58B8718DE1E59002B7FB0 /* MangareaderFetcher.m */; };
		BEA58B8B18E0AA23002B7FB0 /* Page+Getter.m in Sources */ = {isa = PBXBuildFile; fileRef = BEA58B8A18E0AA23002B7FB0 /* Page+Getter.m */; };
		BEA820F718E1672E00AE2124 /* Manga+Clear.m in Sources */ = {isa = PBXBuildFile; fileRef = BEA820F618E1672E00AE2124 /* Manga+Clear.m */; };
		BEA820FA18E53D2B00AE2124 /* ChapterViewController.m in Sources */ = {isa = PBXBuildFile; fileRef = BEA820F918E53D2B00AE2124 /* ChapterViewController.m */; };
		BEA820FD18E56C9200AE2124 /* UITabBarController+Rotation.m in Sources */ = {isa = PBXBuildFile; fileRef = BEA820FC18E56C9200AE2124 /* UITabBarController+Rotation.m */; };
		BEA8210018E5BB2C00AE2124 /* Chapter+Lookup.m in Sources */ = {isa = PBXBuildFile; fileRef = BEA820FF18E5BB2C00AE2124 /* Chapter+Lookup.m */; };
		BEA8210318E83A5100AE2124 /* AdvancedSearchTVC.m in Sources */ = {isa = PBXBuildFile; fileRef = BEA8210218E83A5100AE2124 /* AdvancedSearchTVC.m */; };
		BEA8394518C3766700184150 /* MangaSummaryViewController.m in Sources */ = {isa = PBXBuildFile; fileRef = BEA8394418C3766700184150 /* MangaSummaryViewController.m */; };
		BEA8394D18C4759900184150 /* TFHpple.m in Sources */ = {isa = PBXBuildFile; fileRef = BEA8394818C4759900184150 /* TFHpple.m */; };
		BEA8394E18C4759900184150 /* TFHppleElement.m in Sources */ = {isa = PBXBuildFile; fileRef = BEA8394A18C4759900184150 /* TFHppleElement.m */; };
		BEA8394F18C4759900184150 /* XPathQuery.m in Sources */ = {isa = PBXBuildFile; fileRef = BEA8394C18C4759900184150 /* XPathQuery.m */; };
		BEA8395218C4D35800184150 /* NSString+Helper.m in Sources */ = {isa = PBXBuildFile; fileRef = BEA8395118C4D35800184150 /* NSString+Helper.m */; };
		BEA87F731902D49400477D97 /* DownloadTasksTVC.m in Sources */ = {isa = PBXBuildFile; fileRef = BEA87F721902D49400477D97 /* DownloadTasksTVC.m */; };
		BEA87F7D1906227800477D97 /* SystemConfiguration.framework in Frameworks */ = {isa = PBXBuildFile; fileRef = BEA87F7C1906227800477D97 /* SystemConfiguration.framework */; };
		BEA87F7F1906231500477D97 /* libGoogleAnalyticsServices.a in Frameworks */ = {isa = PBXBuildFile; fileRef = BEA87F7E1906231500477D97 /* libGoogleAnalyticsServices.a */; };
		BEA87F8219062BB300477D97 /* AdSupport.framework in Frameworks */ = {isa = PBXBuildFile; fileRef = BEA87F8119062BB300477D97 /* AdSupport.framework */; };
		BEA87F8419062BBA00477D97 /* libz.dylib in Frameworks */ = {isa = PBXBuildFile; fileRef = BEA87F8319062BBA00477D97 /* libz.dylib */; };
		BEA8CC6718CF0688000851E4 /* ChaptersByMangaCDTVC.m in Sources */ = {isa = PBXBuildFile; fileRef = BEA8CC6618CF0688000851E4 /* ChaptersByMangaCDTVC.m */; };
		BEA8CC6A18CF09A9000851E4 /* ChaptersCDTVC.m in Sources */ = {isa = PBXBuildFile; fileRef = BEA8CC6918CF09A9000851E4 /* ChaptersCDTVC.m */; };
		BEA8CC7618CF4AB8000851E4 /* ImageViewController.m in Sources */ = {isa = PBXBuildFile; fileRef = BEA8CC7518CF4AB8000851E4 /* ImageViewController.m */; };
		BEA8CC8218D0B2C5000851E4 /* Page+Create.m in Sources */ = {isa = PBXBuildFile; fileRef = BEA8CC8118D0B2C5000851E4 /* Page+Create.m */; };
		BEAA02F218EC8A6900E94277 /* Chapter+UpdateInfo.m in Sources */ = {isa = PBXBuildFile; fileRef = BEAA02F118EC8A6900E94277 /* Chapter+UpdateInfo.m */; };
		BEAAFAE218FE7D2100C3649A /* SettingsTVC.m in Sources */ = {isa = PBXBuildFile; fileRef = BEAAFAE118FE7D2100C3649A /* SettingsTVC.m */; };
		BEAAFAE618FF00B600C3649A /* StaticScrollViewController.m in Sources */ = {isa = PBXBuildFile; fileRef = BEAAFAE518FF00B600C3649A /* StaticScrollViewController.m */; };
		BEAC664718D725370010ABA1 /* ChapterPageViewController.m in Sources */ = {isa = PBXBuildFile; fileRef = BEAC664618D725370010ABA1 /* ChapterPageViewController.m */; };
		BEAC665318DAC7A90010ABA1 /* MenuTabBarController.m in Sources */ = {isa = PBXBuildFile; fileRef = BEAC665218DAC7A90010ABA1 /* MenuTabBarController.m */; };
		BEADD7B018F1D0CE000C5440 /* MangaFetcher.m in Sources */ = {isa = PBXBuildFile; fileRef = BEADD7AF18F1D0CE000C5440 /* MangaFetcher.m */; };
		BEADD7B318F42D4B000C5440 /* DownloadManager.m in Sources */ = {isa = PBXBuildFile; fileRef = BEADD7B218F42D4B000C5440 /* DownloadManager.m */; };
		BEB4445218FD1EFE00F0F578 /* SearchResultSplitViewController.m in Sources */ = {isa = PBXBuildFile; fileRef = BEB4445118FD1EFE00F0F578 /* SearchResultSplitViewController.m */; };
		BEB46F3919585C8D008E81EB /* Page+Delete.m in Sources */ = {isa = PBXBuildFile; fileRef = BEB46F3819585C8D008E81EB /* Page+Delete.m */; };
		BEC503AF18CB26D00013B7D0 /* Manga+Create.m in Sources */ = {isa = PBXBuildFile; fileRef = BEC503AE18CB26D00013B7D0 /* Manga+Create.m */; };
		BEC503BA18CB72100013B7D0 /* CoverImage+Create.m in Sources */ = {isa = PBXBuildFile; fileRef = BEC503B918CB72100013B7D0 /* CoverImage+Create.m */; };
		BEC503BD18CB83840013B7D0 /* CoreDataTableViewController.m in Sources */ = {isa = PBXBuildFile; fileRef = BEC503BC18CB83840013B7D0 /* CoreDataTableViewController.m */; };
		BEC503C018CB868F0013B7D0 /* MangasCDTVC.m in Sources */ = {isa = PBXBuildFile; fileRef = BEC503BF18CB868F0013B7D0 /* MangasCDTVC.m */; };
/* End PBXBuildFile section */

/* Begin PBXContainerItemProxy section */
		BE2B928D18C2281E003EC6D7 /* PBXContainerItemProxy */ = {
			isa = PBXContainerItemProxy;
			containerPortal = BE2B925318C2281E003EC6D7 /* Project object */;
			proxyType = 1;
			remoteGlobalIDString = BE2B925A18C2281E003EC6D7;
			remoteInfo = MangaBox;
		};
/* End PBXContainerItemProxy section */

/* Begin PBXFileReference section */
		BE1443C0193AF4A000FC9DE4 /* CoverImage.h */ = {isa = PBXFileReference; fileEncoding = 4; lastKnownFileType = sourcecode.c.h; path = CoverImage.h; sourceTree = "<group>"; };
		BE1443C1193AF4A000FC9DE4 /* CoverImage.m */ = {isa = PBXFileReference; fileEncoding = 4; lastKnownFileType = sourcecode.c.objc; path = CoverImage.m; sourceTree = "<group>"; };
		BE1443C3193AF4A000FC9DE4 /* Page.h */ = {isa = PBXFileReference; fileEncoding = 4; lastKnownFileType = sourcecode.c.h; path = Page.h; sourceTree = "<group>"; };
		BE1443C4193AF4A000FC9DE4 /* Page.m */ = {isa = PBXFileReference; fileEncoding = 4; lastKnownFileType = sourcecode.c.objc; path = Page.m; sourceTree = "<group>"; };
		BE1443C6193AF4A000FC9DE4 /* Manga.h */ = {isa = PBXFileReference; fileEncoding = 4; lastKnownFileType = sourcecode.c.h; path = Manga.h; sourceTree = "<group>"; };
		BE1443C7193AF4A000FC9DE4 /* Manga.m */ = {isa = PBXFileReference; fileEncoding = 4; lastKnownFileType = sourcecode.c.objc; path = Manga.m; sourceTree = "<group>"; };
		BE1443C9193AF4A000FC9DE4 /* Chapter.h */ = {isa = PBXFileReference; fileEncoding = 4; lastKnownFileType = sourcecode.c.h; path = Chapter.h; sourceTree = "<group>"; };
		BE1443CA193AF4A000FC9DE4 /* Chapter.m */ = {isa = PBXFileReference; fileEncoding = 4; lastKnownFileType = sourcecode.c.objc; path = Chapter.m; sourceTree = "<group>"; };
		BE2B925B18C2281E003EC6D7 /* MangaBox.app */ = {isa = PBXFileReference; explicitFileType = wrapper.application; includeInIndex = 0; path = MangaBox.app; sourceTree = BUILT_PRODUCTS_DIR; };
		BE2B925E18C2281E003EC6D7 /* Foundation.framework */ = {isa = PBXFileReference; lastKnownFileType = wrapper.framework; name = Foundation.framework; path = System/Library/Frameworks/Foundation.framework; sourceTree = SDKROOT; };
		BE2B926018C2281E003EC6D7 /* CoreGraphics.framework */ = {isa = PBXFileReference; lastKnownFileType = wrapper.framework; name = CoreGraphics.framework; path = System/Library/Frameworks/CoreGraphics.framework; sourceTree = SDKROOT; };
		BE2B926218C2281E003EC6D7 /* UIKit.framework */ = {isa = PBXFileReference; lastKnownFileType = wrapper.framework; name = UIKit.framework; path = System/Library/Frameworks/UIKit.framework; sourceTree = SDKROOT; };
		BE2B926418C2281E003EC6D7 /* CoreData.framework */ = {isa = PBXFileReference; lastKnownFileType = wrapper.framework; name = CoreData.framework; path = System/Library/Frameworks/CoreData.framework; sourceTree = SDKROOT; };
		BE2B926818C2281E003EC6D7 /* MangaBox-Info.plist */ = {isa = PBXFileReference; lastKnownFileType = text.plist.xml; path = "MangaBox-Info.plist"; sourceTree = "<group>"; };
		BE2B926A18C2281E003EC6D7 /* en */ = {isa = PBXFileReference; lastKnownFileType = text.plist.strings; name = en; path = en.lproj/InfoPlist.strings; sourceTree = "<group>"; };
		BE2B926C18C2281E003EC6D7 /* main.m */ = {isa = PBXFileReference; lastKnownFileType = sourcecode.c.objc; path = main.m; sourceTree = "<group>"; };
		BE2B926E18C2281E003EC6D7 /* MangaBox-Prefix.pch */ = {isa = PBXFileReference; lastKnownFileType = sourcecode.c.h; path = "MangaBox-Prefix.pch"; sourceTree = "<group>"; };
		BE2B926F18C2281E003EC6D7 /* MangaBoxAppDelegate.h */ = {isa = PBXFileReference; lastKnownFileType = sourcecode.c.h; path = MangaBoxAppDelegate.h; sourceTree = "<group>"; };
		BE2B927018C2281E003EC6D7 /* MangaBoxAppDelegate.m */ = {isa = PBXFileReference; lastKnownFileType = sourcecode.c.objc; path = MangaBoxAppDelegate.m; sourceTree = "<group>"; };
		BE2B927318C2281E003EC6D7 /* Base */ = {isa = PBXFileReference; lastKnownFileType = file.storyboard; name = Base; path = Base.lproj/Main_iPhone.storyboard; sourceTree = "<group>"; };
		BE2B927618C2281E003EC6D7 /* Base */ = {isa = PBXFileReference; lastKnownFileType = file.storyboard; name = Base; path = Base.lproj/Main_iPad.storyboard; sourceTree = "<group>"; };
		BE2B927918C2281E003EC6D7 /* MangaBox.xcdatamodel */ = {isa = PBXFileReference; lastKnownFileType = wrapper.xcdatamodel; path = MangaBox.xcdatamodel; sourceTree = "<group>"; };
		BE2B928118C2281E003EC6D7 /* Images.xcassets */ = {isa = PBXFileReference; lastKnownFileType = folder.assetcatalog; path = Images.xcassets; sourceTree = "<group>"; };
		BE2B928718C2281E003EC6D7 /* MangaBoxTests.xctest */ = {isa = PBXFileReference; explicitFileType = wrapper.cfbundle; includeInIndex = 0; path = MangaBoxTests.xctest; sourceTree = BUILT_PRODUCTS_DIR; };
		BE2B928818C2281E003EC6D7 /* XCTest.framework */ = {isa = PBXFileReference; lastKnownFileType = wrapper.framework; name = XCTest.framework; path = Library/Frameworks/XCTest.framework; sourceTree = DEVELOPER_DIR; };
		BE2B929118C2281E003EC6D7 /* MangaBoxTests-Info.plist */ = {isa = PBXFileReference; lastKnownFileType = text.plist.xml; path = "MangaBoxTests-Info.plist"; sourceTree = "<group>"; };
		BE2B929318C2281E003EC6D7 /* en */ = {isa = PBXFileReference; lastKnownFileType = text.plist.strings; name = en; path = en.lproj/InfoPlist.strings; sourceTree = "<group>"; };
		BE2B929518C2281E003EC6D7 /* MangaBoxTests.m */ = {isa = PBXFileReference; lastKnownFileType = sourcecode.c.objc; path = MangaBoxTests.m; sourceTree = "<group>"; };
		BE2B929F18C228CB003EC6D7 /* MangafoxFetcher.h */ = {isa = PBXFileReference; fileEncoding = 4; lastKnownFileType = sourcecode.c.h; name = MangafoxFetcher.h; path = "Mangafox Fetcher/MangafoxFetcher.h"; sourceTree = "<group>"; };
		BE2B92A018C228CB003EC6D7 /* MangafoxFetcher.m */ = {isa = PBXFileReference; fileEncoding = 4; lastKnownFileType = sourcecode.c.objc; name = MangafoxFetcher.m; path = "Mangafox Fetcher/MangafoxFetcher.m"; sourceTree = "<group>"; };
		BE2B92BC18C243EB003EC6D7 /* libxml2.dylib */ = {isa = PBXFileReference; lastKnownFileType = "compiled.mach-o.dylib"; name = libxml2.dylib; path = usr/lib/libxml2.dylib; sourceTree = SDKROOT; };
		BE2B92BE18C24ABF003EC6D7 /* SearchedMangaViewController.h */ = {isa = PBXFileReference; fileEncoding = 4; lastKnownFileType = sourcecode.c.h; path = SearchedMangaViewController.h; sourceTree = "<group>"; };
		BE2B92BF18C24ABF003EC6D7 /* SearchedMangaViewController.m */ = {isa = PBXFileReference; fileEncoding = 4; lastKnownFileType = sourcecode.c.objc; path = SearchedMangaViewController.m; sourceTree = "<group>"; };
		BE2B92C418C31DFA003EC6D7 /* ParsedMangasTVC.h */ = {isa = PBXFileReference; fileEncoding = 4; lastKnownFileType = sourcecode.c.h; path = ParsedMangasTVC.h; sourceTree = "<group>"; };
		BE2B92C518C31DFA003EC6D7 /* ParsedMangasTVC.m */ = {isa = PBXFileReference; fileEncoding = 4; lastKnownFileType = sourcecode.c.objc; path = ParsedMangasTVC.m; sourceTree = "<group>"; };
		BE3D847418CE173600AD9753 /* Chapter+Create.h */ = {isa = PBXFileReference; fileEncoding = 4; lastKnownFileType = sourcecode.c.h; path = "Chapter+Create.h"; sourceTree = "<group>"; };
		BE3D847518CE173600AD9753 /* Chapter+Create.m */ = {isa = PBXFileReference; fileEncoding = 4; lastKnownFileType = sourcecode.c.objc; path = "Chapter+Create.m"; sourceTree = "<group>"; };
		BEA58B5F18DB309D002B7FB0 /* UIImage+Thumbnail.h */ = {isa = PBXFileReference; fileEncoding = 4; lastKnownFileType = sourcecode.c.h; path = "UIImage+Thumbnail.h"; sourceTree = "<group>"; };
		BEA58B6018DB309D002B7FB0 /* UIImage+Thumbnail.m */ = {isa = PBXFileReference; fileEncoding = 4; lastKnownFileType = sourcecode.c.objc; path = "UIImage+Thumbnail.m"; sourceTree = "<group>"; };
		BEA58B6E18DC3E0B002B7FB0 /* ImageScrollView.h */ = {isa = PBXFileReference; fileEncoding = 4; lastKnownFileType = sourcecode.c.h; path = ImageScrollView.h; sourceTree = "<group>"; };
		BEA58B6F18DC3E0B002B7FB0 /* ImageScrollView.m */ = {isa = PBXFileReference; fileEncoding = 4; lastKnownFileType = sourcecode.c.objc; path = ImageScrollView.m; sourceTree = "<group>"; };
		BEA58B7418DCD63E002B7FB0 /* ChaptersByBookmarkCDTVC.h */ = {isa = PBXFileReference; fileEncoding = 4; lastKnownFileType = sourcecode.c.h; path = ChaptersByBookmarkCDTVC.h; sourceTree = "<group>"; };
		BEA58B7518DCD63E002B7FB0 /* ChaptersByBookmarkCDTVC.m */ = {isa = PBXFileReference; fileEncoding = 4; lastKnownFileType = sourcecode.c.objc; path = ChaptersByBookmarkCDTVC.m; sourceTree = "<group>"; };
		BEA58B7D18DDA032002B7FB0 /* AddMangaConfirmViewController.h */ = {isa = PBXFileReference; fileEncoding = 4; lastKnownFileType = sourcecode.c.h; path = AddMangaConfirmViewController.h; sourceTree = "<group>"; };
		BEA58B7E18DDA032002B7FB0 /* AddMangaConfirmViewController.m */ = {isa = PBXFileReference; fileEncoding = 4; lastKnownFileType = sourcecode.c.objc; path = AddMangaConfirmViewController.m; sourceTree = "<group>"; };
		BEA58B8318DDCA4D002B7FB0 /* BrowserViewController.h */ = {isa = PBXFileReference; fileEncoding = 4; lastKnownFileType = sourcecode.c.h; path = BrowserViewController.h; sourceTree = "<group>"; };
		BEA58B8418DDCA4D002B7FB0 /* BrowserViewController.m */ = {isa = PBXFileReference; fileEncoding = 4; lastKnownFileType = sourcecode.c.objc; path = BrowserViewController.m; sourceTree = "<group>"; };
		BEA58B8618DE1E59002B7FB0 /* MangareaderFetcher.h */ = {isa = PBXFileReference; fileEncoding = 4; lastKnownFileType = sourcecode.c.h; path = MangareaderFetcher.h; sourceTree = "<group>"; };
		BEA58B8718DE1E59002B7FB0 /* MangareaderFetcher.m */ = {isa = PBXFileReference; fileEncoding = 4; lastKnownFileType = sourcecode.c.objc; path = MangareaderFetcher.m; sourceTree = "<group>"; };
		BEA58B8918E0AA23002B7FB0 /* Page+Getter.h */ = {isa = PBXFileReference; fileEncoding = 4; lastKnownFileType = sourcecode.c.h; path = "Page+Getter.h"; sourceTree = "<group>"; };
		BEA58B8A18E0AA23002B7FB0 /* Page+Getter.m */ = {isa = PBXFileReference; fileEncoding = 4; lastKnownFileType = sourcecode.c.objc; path = "Page+Getter.m"; sourceTree = "<group>"; };
		BEA820F518E1672E00AE2124 /* Manga+Clear.h */ = {isa = PBXFileReference; fileEncoding = 4; lastKnownFileType = sourcecode.c.h; path = "Manga+Clear.h"; sourceTree = "<group>"; };
		BEA820F618E1672E00AE2124 /* Manga+Clear.m */ = {isa = PBXFileReference; fileEncoding = 4; lastKnownFileType = sourcecode.c.objc; path = "Manga+Clear.m"; sourceTree = "<group>"; };
		BEA820F818E53D2B00AE2124 /* ChapterViewController.h */ = {isa = PBXFileReference; fileEncoding = 4; lastKnownFileType = sourcecode.c.h; path = ChapterViewController.h; sourceTree = "<group>"; };
		BEA820F918E53D2B00AE2124 /* ChapterViewController.m */ = {isa = PBXFileReference; fileEncoding = 4; lastKnownFileType = sourcecode.c.objc; path = ChapterViewController.m; sourceTree = "<group>"; };
		BEA820FB18E56C9200AE2124 /* UITabBarController+Rotation.h */ = {isa = PBXFileReference; fileEncoding = 4; lastKnownFileType = sourcecode.c.h; path = "UITabBarController+Rotation.h"; sourceTree = "<group>"; };
		BEA820FC18E56C9200AE2124 /* UITabBarController+Rotation.m */ = {isa = PBXFileReference; fileEncoding = 4; lastKnownFileType = sourcecode.c.objc; path = "UITabBarController+Rotation.m"; sourceTree = "<group>"; };
		BEA820FE18E5BB2C00AE2124 /* Chapter+Lookup.h */ = {isa = PBXFileReference; fileEncoding = 4; lastKnownFileType = sourcecode.c.h; path = "Chapter+Lookup.h"; sourceTree = "<group>"; };
		BEA820FF18E5BB2C00AE2124 /* Chapter+Lookup.m */ = {isa = PBXFileReference; fileEncoding = 4; lastKnownFileType = sourcecode.c.objc; path = "Chapter+Lookup.m"; sourceTree = "<group>"; };
		BEA8210118E83A5100AE2124 /* AdvancedSearchTVC.h */ = {isa = PBXFileReference; fileEncoding = 4; lastKnownFileType = sourcecode.c.h; path = AdvancedSearchTVC.h; sourceTree = "<group>"; };
		BEA8210218E83A5100AE2124 /* AdvancedSearchTVC.m */ = {isa = PBXFileReference; fileEncoding = 4; lastKnownFileType = sourcecode.c.objc; path = AdvancedSearchTVC.m; sourceTree = "<group>"; };
		BEA8394318C3766700184150 /* MangaSummaryViewController.h */ = {isa = PBXFileReference; fileEncoding = 4; lastKnownFileType = sourcecode.c.h; path = MangaSummaryViewController.h; sourceTree = "<group>"; };
		BEA8394418C3766700184150 /* MangaSummaryViewController.m */ = {isa = PBXFileReference; fileEncoding = 4; lastKnownFileType = sourcecode.c.objc; path = MangaSummaryViewController.m; sourceTree = "<group>"; };
		BEA8394718C4759900184150 /* TFHpple.h */ = {isa = PBXFileReference; fileEncoding = 4; lastKnownFileType = sourcecode.c.h; name = TFHpple.h; path = "HTML Parser/TFHpple.h"; sourceTree = "<group>"; };
		BEA8394818C4759900184150 /* TFHpple.m */ = {isa = PBXFileReference; fileEncoding = 4; lastKnownFileType = sourcecode.c.objc; name = TFHpple.m; path = "HTML Parser/TFHpple.m"; sourceTree = "<group>"; };
		BEA8394918C4759900184150 /* TFHppleElement.h */ = {isa = PBXFileReference; fileEncoding = 4; lastKnownFileType = sourcecode.c.h; name = TFHppleElement.h; path = "HTML Parser/TFHppleElement.h"; sourceTree = "<group>"; };
		BEA8394A18C4759900184150 /* TFHppleElement.m */ = {isa = PBXFileReference; fileEncoding = 4; lastKnownFileType = sourcecode.c.objc; name = TFHppleElement.m; path = "HTML Parser/TFHppleElement.m"; sourceTree = "<group>"; };
		BEA8394B18C4759900184150 /* XPathQuery.h */ = {isa = PBXFileReference; fileEncoding = 4; lastKnownFileType = sourcecode.c.h; name = XPathQuery.h; path = "HTML Parser/XPathQuery.h"; sourceTree = "<group>"; };
		BEA8394C18C4759900184150 /* XPathQuery.m */ = {isa = PBXFileReference; fileEncoding = 4; lastKnownFileType = sourcecode.c.objc; name = XPathQuery.m; path = "HTML Parser/XPathQuery.m"; sourceTree = "<group>"; };
		BEA8395018C4D35800184150 /* NSString+Helper.h */ = {isa = PBXFileReference; fileEncoding = 4; lastKnownFileType = sourcecode.c.h; path = "NSString+Helper.h"; sourceTree = "<group>"; };
		BEA8395118C4D35800184150 /* NSString+Helper.m */ = {isa = PBXFileReference; fileEncoding = 4; lastKnownFileType = sourcecode.c.objc; path = "NSString+Helper.m"; sourceTree = "<group>"; };
		BEA87F711902D49400477D97 /* DownloadTasksTVC.h */ = {isa = PBXFileReference; fileEncoding = 4; lastKnownFileType = sourcecode.c.h; path = DownloadTasksTVC.h; sourceTree = "<group>"; };
		BEA87F721902D49400477D97 /* DownloadTasksTVC.m */ = {isa = PBXFileReference; fileEncoding = 4; lastKnownFileType = sourcecode.c.objc; path = DownloadTasksTVC.m; sourceTree = "<group>"; };
		BEA87F761906223B00477D97 /* GAI.h */ = {isa = PBXFileReference; lastKnownFileType = sourcecode.c.h; path = GAI.h; sourceTree = "<group>"; };
		BEA87F771906223B00477D97 /* GAIDictionaryBuilder.h */ = {isa = PBXFileReference; lastKnownFileType = sourcecode.c.h; path = GAIDictionaryBuilder.h; sourceTree = "<group>"; };
		BEA87F781906223B00477D97 /* GAIFields.h */ = {isa = PBXFileReference; lastKnownFileType = sourcecode.c.h; path = GAIFields.h; sourceTree = "<group>"; };
		BEA87F791906223B00477D97 /* GAILogger.h */ = {isa = PBXFileReference; lastKnownFileType = sourcecode.c.h; path = GAILogger.h; sourceTree = "<group>"; };
		BEA87F7A1906223B00477D97 /* GAITrackedViewController.h */ = {isa = PBXFileReference; lastKnownFileType = sourcecode.c.h; path = GAITrackedViewController.h; sourceTree = "<group>"; };
		BEA87F7B1906223B00477D97 /* GAITracker.h */ = {isa = PBXFileReference; lastKnownFileType = sourcecode.c.h; path = GAITracker.h; sourceTree = "<group>"; };
		BEA87F7C1906227800477D97 /* SystemConfiguration.framework */ = {isa = PBXFileReference; lastKnownFileType = wrapper.framework; name = SystemConfiguration.framework; path = System/Library/Frameworks/SystemConfiguration.framework; sourceTree = SDKROOT; };
		BEA87F7E1906231500477D97 /* libGoogleAnalyticsServices.a */ = {isa = PBXFileReference; lastKnownFileType = archive.ar; name = libGoogleAnalyticsServices.a; path = ../GoogleAnalyticsServicesiOS_3.06/libGoogleAnalyticsServices.a; sourceTree = "<group>"; };
		BEA87F80190629F200477D97 /* GoogleAnalyticsConstant.h */ = {isa = PBXFileReference; lastKnownFileType = sourcecode.c.h; path = GoogleAnalyticsConstant.h; sourceTree = "<group>"; };
		BEA87F8119062BB300477D97 /* AdSupport.framework */ = {isa = PBXFileReference; lastKnownFileType = wrapper.framework; name = AdSupport.framework; path = System/Library/Frameworks/AdSupport.framework; sourceTree = SDKROOT; };
		BEA87F8319062BBA00477D97 /* libz.dylib */ = {isa = PBXFileReference; lastKnownFileType = "compiled.mach-o.dylib"; name = libz.dylib; path = usr/lib/libz.dylib; sourceTree = SDKROOT; };
		BEA8CC6518CF0688000851E4 /* ChaptersByMangaCDTVC.h */ = {isa = PBXFileReference; fileEncoding = 4; lastKnownFileType = sourcecode.c.h; path = ChaptersByMangaCDTVC.h; sourceTree = "<group>"; };
		BEA8CC6618CF0688000851E4 /* ChaptersByMangaCDTVC.m */ = {isa = PBXFileReference; fileEncoding = 4; lastKnownFileType = sourcecode.c.objc; path = ChaptersByMangaCDTVC.m; sourceTree = "<group>"; };
		BEA8CC6818CF09A9000851E4 /* ChaptersCDTVC.h */ = {isa = PBXFileReference; fileEncoding = 4; lastKnownFileType = sourcecode.c.h; path = ChaptersCDTVC.h; sourceTree = "<group>"; };
		BEA8CC6918CF09A9000851E4 /* ChaptersCDTVC.m */ = {isa = PBXFileReference; fileEncoding = 4; lastKnownFileType = sourcecode.c.objc; path = ChaptersCDTVC.m; sourceTree = "<group>"; };
		BEA8CC7418CF4AB8000851E4 /* ImageViewController.h */ = {isa = PBXFileReference; fileEncoding = 4; lastKnownFileType = sourcecode.c.h; path = ImageViewController.h; sourceTree = "<group>"; };
		BEA8CC7518CF4AB8000851E4 /* ImageViewController.m */ = {isa = PBXFileReference; fileEncoding = 4; lastKnownFileType = sourcecode.c.objc; path = ImageViewController.m; sourceTree = "<group>"; };
		BEA8CC8018D0B2C5000851E4 /* Page+Create.h */ = {isa = PBXFileReference; fileEncoding = 4; lastKnownFileType = sourcecode.c.h; path = "Page+Create.h"; sourceTree = "<group>"; };
		BEA8CC8118D0B2C5000851E4 /* Page+Create.m */ = {isa = PBXFileReference; fileEncoding = 4; lastKnownFileType = sourcecode.c.objc; path = "Page+Create.m"; sourceTree = "<group>"; };
		BEAA02F018EC8A6900E94277 /* Chapter+UpdateInfo.h */ = {isa = PBXFileReference; fileEncoding = 4; lastKnownFileType = sourcecode.c.h; path = "Chapter+UpdateInfo.h"; sourceTree = "<group>"; };
		BEAA02F118EC8A6900E94277 /* Chapter+UpdateInfo.m */ = {isa = PBXFileReference; fileEncoding = 4; lastKnownFileType = sourcecode.c.objc; path = "Chapter+UpdateInfo.m"; sourceTree = "<group>"; };
		BEAAFAE018FE7D2100C3649A /* SettingsTVC.h */ = {isa = PBXFileReference; fileEncoding = 4; lastKnownFileType = sourcecode.c.h; path = SettingsTVC.h; sourceTree = "<group>"; };
		BEAAFAE118FE7D2100C3649A /* SettingsTVC.m */ = {isa = PBXFileReference; fileEncoding = 4; lastKnownFileType = sourcecode.c.objc; path = SettingsTVC.m; sourceTree = "<group>"; };
		BEAAFAE318FE807E00C3649A /* MangaBoxSettingsPropertyKeys.h */ = {isa = PBXFileReference; lastKnownFileType = sourcecode.c.h; path = MangaBoxSettingsPropertyKeys.h; sourceTree = "<group>"; };
		BEAAFAE418FF00B600C3649A /* StaticScrollViewController.h */ = {isa = PBXFileReference; fileEncoding = 4; lastKnownFileType = sourcecode.c.h; path = StaticScrollViewController.h; sourceTree = "<group>"; };
		BEAAFAE518FF00B600C3649A /* StaticScrollViewController.m */ = {isa = PBXFileReference; fileEncoding = 4; lastKnownFileType = sourcecode.c.objc; path = StaticScrollViewController.m; sourceTree = "<group>"; };
		BEAC664518D725370010ABA1 /* ChapterPageViewController.h */ = {isa = PBXFileReference; fileEncoding = 4; lastKnownFileType = sourcecode.c.h; path = ChapterPageViewController.h; sourceTree = "<group>"; };
		BEAC664618D725370010ABA1 /* ChapterPageViewController.m */ = {isa = PBXFileReference; fileEncoding = 4; lastKnownFileType = sourcecode.c.objc; path = ChapterPageViewController.m; sourceTree = "<group>"; };
		BEAC665118DAC7A90010ABA1 /* MenuTabBarController.h */ = {isa = PBXFileReference; fileEncoding = 4; lastKnownFileType = sourcecode.c.h; path = MenuTabBarController.h; sourceTree = "<group>"; };
		BEAC665218DAC7A90010ABA1 /* MenuTabBarController.m */ = {isa = PBXFileReference; fileEncoding = 4; lastKnownFileType = sourcecode.c.objc; path = MenuTabBarController.m; sourceTree = "<group>"; };
		BEADD7AE18F1D0CE000C5440 /* MangaFetcher.h */ = {isa = PBXFileReference; fileEncoding = 4; lastKnownFileType = sourcecode.c.h; path = MangaFetcher.h; sourceTree = "<group>"; };
		BEADD7AF18F1D0CE000C5440 /* MangaFetcher.m */ = {isa = PBXFileReference; fileEncoding = 4; lastKnownFileType = sourcecode.c.objc; path = MangaFetcher.m; sourceTree = "<group>"; };
		BEADD7B118F42D4B000C5440 /* DownloadManager.h */ = {isa = PBXFileReference; fileEncoding = 4; lastKnownFileType = sourcecode.c.h; path = DownloadManager.h; sourceTree = "<group>"; };
		BEADD7B218F42D4B000C5440 /* DownloadManager.m */ = {isa = PBXFileReference; fileEncoding = 4; lastKnownFileType = sourcecode.c.objc; path = DownloadManager.m; sourceTree = "<group>"; };
		BEB4445018FD1EFE00F0F578 /* SearchResultSplitViewController.h */ = {isa = PBXFileReference; fileEncoding = 4; lastKnownFileType = sourcecode.c.h; path = SearchResultSplitViewController.h; sourceTree = "<group>"; };
		BEB4445118FD1EFE00F0F578 /* SearchResultSplitViewController.m */ = {isa = PBXFileReference; fileEncoding = 4; lastKnownFileType = sourcecode.c.objc; path = SearchResultSplitViewController.m; sourceTree = "<group>"; };
		BEB46F3719585C8D008E81EB /* Page+Delete.h */ = {isa = PBXFileReference; fileEncoding = 4; lastKnownFileType = sourcecode.c.h; path = "Page+Delete.h"; sourceTree = "<group>"; };
		BEB46F3819585C8D008E81EB /* Page+Delete.m */ = {isa = PBXFileReference; fileEncoding = 4; lastKnownFileType = sourcecode.c.objc; path = "Page+Delete.m"; sourceTree = "<group>"; };
		BEC503AD18CB26D00013B7D0 /* Manga+Create.h */ = {isa = PBXFileReference; fileEncoding = 4; lastKnownFileType = sourcecode.c.h; path = "Manga+Create.h"; sourceTree = "<group>"; };
		BEC503AE18CB26D00013B7D0 /* Manga+Create.m */ = {isa = PBXFileReference; fileEncoding = 4; lastKnownFileType = sourcecode.c.objc; path = "Manga+Create.m"; sourceTree = "<group>"; };
		BEC503B718CB71050013B7D0 /* MangaDictionaryDefinition.h */ = {isa = PBXFileReference; lastKnownFileType = sourcecode.c.h; path = MangaDictionaryDefinition.h; sourceTree = "<group>"; };
		BEC503B818CB72100013B7D0 /* CoverImage+Create.h */ = {isa = PBXFileReference; fileEncoding = 4; lastKnownFileType = sourcecode.c.h; path = "CoverImage+Create.h"; sourceTree = "<group>"; };
		BEC503B918CB72100013B7D0 /* CoverImage+Create.m */ = {isa = PBXFileReference; fileEncoding = 4; lastKnownFileType = sourcecode.c.objc; path = "CoverImage+Create.m"; sourceTree = "<group>"; };
		BEC503BB18CB83840013B7D0 /* CoreDataTableViewController.h */ = {isa = PBXFileReference; fileEncoding = 4; lastKnownFileType = sourcecode.c.h; path = CoreDataTableViewController.h; sourceTree = "<group>"; };
		BEC503BC18CB83840013B7D0 /* CoreDataTableViewController.m */ = {isa = PBXFileReference; fileEncoding = 4; lastKnownFileType = sourcecode.c.objc; path = CoreDataTableViewController.m; sourceTree = "<group>"; };
		BEC503BE18CB868F0013B7D0 /* MangasCDTVC.h */ = {isa = PBXFileReference; fileEncoding = 4; lastKnownFileType = sourcecode.c.h; path = MangasCDTVC.h; sourceTree = "<group>"; };
		BEC503BF18CB868F0013B7D0 /* MangasCDTVC.m */ = {isa = PBXFileReference; fileEncoding = 4; lastKnownFileType = sourcecode.c.objc; path = MangasCDTVC.m; sourceTree = "<group>"; };
		BEDEE60A18CDBA4000BF16A2 /* MangaBoxNotification.h */ = {isa = PBXFileReference; lastKnownFileType = sourcecode.c.h; path = MangaBoxNotification.h; sourceTree = "<group>"; };
/* End PBXFileReference section */

/* Begin PBXFrameworksBuildPhase section */
		BE2B925818C2281E003EC6D7 /* Frameworks */ = {
			isa = PBXFrameworksBuildPhase;
			buildActionMask = 2147483647;
			files = (
				BEA87F8419062BBA00477D97 /* libz.dylib in Frameworks */,
				BEA87F8219062BB300477D97 /* AdSupport.framework in Frameworks */,
				BEA87F7F1906231500477D97 /* libGoogleAnalyticsServices.a in Frameworks */,
				BEA87F7D1906227800477D97 /* SystemConfiguration.framework in Frameworks */,
				BE2B92BD18C243EB003EC6D7 /* libxml2.dylib in Frameworks */,
				BE2B926118C2281E003EC6D7 /* CoreGraphics.framework in Frameworks */,
				BE2B926518C2281E003EC6D7 /* CoreData.framework in Frameworks */,
				BE2B926318C2281E003EC6D7 /* UIKit.framework in Frameworks */,
				BE2B925F18C2281E003EC6D7 /* Foundation.framework in Frameworks */,
			);
			runOnlyForDeploymentPostprocessing = 0;
		};
		BE2B928418C2281E003EC6D7 /* Frameworks */ = {
			isa = PBXFrameworksBuildPhase;
			buildActionMask = 2147483647;
			files = (
				BE2B928918C2281E003EC6D7 /* XCTest.framework in Frameworks */,
				BE2B928C18C2281E003EC6D7 /* CoreData.framework in Frameworks */,
				BE2B928B18C2281E003EC6D7 /* UIKit.framework in Frameworks */,
				BE2B928A18C2281E003EC6D7 /* Foundation.framework in Frameworks */,
			);
			runOnlyForDeploymentPostprocessing = 0;
		};
/* End PBXFrameworksBuildPhase section */

/* Begin PBXGroup section */
		BE1443CC193B419900FC9DE4 /* Search */ = {
			isa = PBXGroup;
			children = (
				BEA58B8318DDCA4D002B7FB0 /* BrowserViewController.h */,
				BEA58B8418DDCA4D002B7FB0 /* BrowserViewController.m */,
				BEA8210118E83A5100AE2124 /* AdvancedSearchTVC.h */,
				BEA8210218E83A5100AE2124 /* AdvancedSearchTVC.m */,
				BE2B92BE18C24ABF003EC6D7 /* SearchedMangaViewController.h */,
				BE2B92BF18C24ABF003EC6D7 /* SearchedMangaViewController.m */,
				BE2B92C418C31DFA003EC6D7 /* ParsedMangasTVC.h */,
				BE2B92C518C31DFA003EC6D7 /* ParsedMangasTVC.m */,
				BEA8394318C3766700184150 /* MangaSummaryViewController.h */,
				BEA8394418C3766700184150 /* MangaSummaryViewController.m */,
				BEB4445018FD1EFE00F0F578 /* SearchResultSplitViewController.h */,
				BEB4445118FD1EFE00F0F578 /* SearchResultSplitViewController.m */,
				BEA58B7D18DDA032002B7FB0 /* AddMangaConfirmViewController.h */,
				BEA58B7E18DDA032002B7FB0 /* AddMangaConfirmViewController.m */,
			);
			name = Search;
			sourceTree = "<group>";
		};
		BE1443CD193B41C900FC9DE4 /* View Chapter Pages */ = {
			isa = PBXGroup;
			children = (
				BEA820F818E53D2B00AE2124 /* ChapterViewController.h */,
				BEA820F918E53D2B00AE2124 /* ChapterViewController.m */,
				BEAC664518D725370010ABA1 /* ChapterPageViewController.h */,
				BEAC664618D725370010ABA1 /* ChapterPageViewController.m */,
				BEA8CC7418CF4AB8000851E4 /* ImageViewController.h */,
				BEA8CC7518CF4AB8000851E4 /* ImageViewController.m */,
				BEA58B6E18DC3E0B002B7FB0 /* ImageScrollView.h */,
				BEA58B6F18DC3E0B002B7FB0 /* ImageScrollView.m */,
			);
			name = "View Chapter Pages";
			sourceTree = "<group>";
		};
		BE1443CE193B41F900FC9DE4 /* Settings */ = {
			isa = PBXGroup;
			children = (
				BEA87F711902D49400477D97 /* DownloadTasksTVC.h */,
				BEA87F721902D49400477D97 /* DownloadTasksTVC.m */,
				BEAAFAE418FF00B600C3649A /* StaticScrollViewController.h */,
				BEAAFAE518FF00B600C3649A /* StaticScrollViewController.m */,
				BEAAFAE018FE7D2100C3649A /* SettingsTVC.h */,
				BEAAFAE118FE7D2100C3649A /* SettingsTVC.m */,
			);
			name = Settings;
			sourceTree = "<group>";
		};
		BE1443CF193B423D00FC9DE4 /* Mangas/Chapters List */ = {
			isa = PBXGroup;
			children = (
				BEC503BE18CB868F0013B7D0 /* MangasCDTVC.h */,
				BEC503BF18CB868F0013B7D0 /* MangasCDTVC.m */,
				BEA58B7418DCD63E002B7FB0 /* ChaptersByBookmarkCDTVC.h */,
				BEA58B7518DCD63E002B7FB0 /* ChaptersByBookmarkCDTVC.m */,
				BEA8CC6518CF0688000851E4 /* ChaptersByMangaCDTVC.h */,
				BEA8CC6618CF0688000851E4 /* ChaptersByMangaCDTVC.m */,
				BEA8CC6818CF09A9000851E4 /* ChaptersCDTVC.h */,
				BEA8CC6918CF09A9000851E4 /* ChaptersCDTVC.m */,
				BEC503BB18CB83840013B7D0 /* CoreDataTableViewController.h */,
				BEC503BC18CB83840013B7D0 /* CoreDataTableViewController.m */,
			);
			name = "Mangas/Chapters List";
			sourceTree = "<group>";
		};
		BE1443D0193B427800FC9DE4 /* Download Controllers */ = {
			isa = PBXGroup;
			children = (
				BEADD7B118F42D4B000C5440 /* DownloadManager.h */,
				BEADD7B218F42D4B000C5440 /* DownloadManager.m */,
			);
			name = "Download Controllers";
			sourceTree = "<group>";
		};
		BE14772018CA24DA00537103 /* Models */ = {
			isa = PBXGroup;
			children = (
				BEA8CC8018D0B2C5000851E4 /* Page+Create.h */,
				BEA8CC8118D0B2C5000851E4 /* Page+Create.m */,
				BEB46F3719585C8D008E81EB /* Page+Delete.h */,
				BEB46F3819585C8D008E81EB /* Page+Delete.m */,
				BEA820F518E1672E00AE2124 /* Manga+Clear.h */,
				BEA820F618E1672E00AE2124 /* Manga+Clear.m */,
				BE2B927818C2281E003EC6D7 /* MangaBox.xcdatamodeld */,
				BE1443C6193AF4A000FC9DE4 /* Manga.h */,
				BE1443C7193AF4A000FC9DE4 /* Manga.m */,
				BE1443C9193AF4A000FC9DE4 /* Chapter.h */,
				BE1443CA193AF4A000FC9DE4 /* Chapter.m */,
				BE1443C3193AF4A000FC9DE4 /* Page.h */,
				BE1443C4193AF4A000FC9DE4 /* Page.m */,
				BE1443C0193AF4A000FC9DE4 /* CoverImage.h */,
				BE1443C1193AF4A000FC9DE4 /* CoverImage.m */,
				BEA58B8918E0AA23002B7FB0 /* Page+Getter.h */,
				BEA58B8A18E0AA23002B7FB0 /* Page+Getter.m */,
				BEC503AD18CB26D00013B7D0 /* Manga+Create.h */,
				BEC503AE18CB26D00013B7D0 /* Manga+Create.m */,
				BE3D847418CE173600AD9753 /* Chapter+Create.h */,
				BE3D847518CE173600AD9753 /* Chapter+Create.m */,
				BEA820FE18E5BB2C00AE2124 /* Chapter+Lookup.h */,
				BEA820FF18E5BB2C00AE2124 /* Chapter+Lookup.m */,
				BEAA02F018EC8A6900E94277 /* Chapter+UpdateInfo.h */,
				BEAA02F118EC8A6900E94277 /* Chapter+UpdateInfo.m */,
				BEC503B818CB72100013B7D0 /* CoverImage+Create.h */,
				BEC503B918CB72100013B7D0 /* CoverImage+Create.m */,
			);
			name = Models;
			sourceTree = "<group>";
		};
		BE2B925218C2281E003EC6D7 = {
			isa = PBXGroup;
			children = (
				BE2B926618C2281E003EC6D7 /* MangaBox */,
				BE2B928F18C2281E003EC6D7 /* MangaBoxTests */,
				BE2B925D18C2281E003EC6D7 /* Frameworks */,
				BE2B925C18C2281E003EC6D7 /* Products */,
			);
			sourceTree = "<group>";
		};
		BE2B925C18C2281E003EC6D7 /* Products */ = {
			isa = PBXGroup;
			children = (
				BE2B925B18C2281E003EC6D7 /* MangaBox.app */,
				BE2B928718C2281E003EC6D7 /* MangaBoxTests.xctest */,
			);
			name = Products;
			sourceTree = "<group>";
		};
		BE2B925D18C2281E003EC6D7 /* Frameworks */ = {
			isa = PBXGroup;
			children = (
				BEA87F8319062BBA00477D97 /* libz.dylib */,
				BEA87F8119062BB300477D97 /* AdSupport.framework */,
				BEA87F7E1906231500477D97 /* libGoogleAnalyticsServices.a */,
				BEA87F7C1906227800477D97 /* SystemConfiguration.framework */,
				BE2B92BC18C243EB003EC6D7 /* libxml2.dylib */,
				BE2B925E18C2281E003EC6D7 /* Foundation.framework */,
				BE2B926018C2281E003EC6D7 /* CoreGraphics.framework */,
				BE2B926218C2281E003EC6D7 /* UIKit.framework */,
				BE2B926418C2281E003EC6D7 /* CoreData.framework */,
				BE2B928818C2281E003EC6D7 /* XCTest.framework */,
			);
			name = Frameworks;
			sourceTree = "<group>";
		};
		BE2B926618C2281E003EC6D7 /* MangaBox */ = {
			isa = PBXGroup;
			children = (
				BE2B926F18C2281E003EC6D7 /* MangaBoxAppDelegate.h */,
				BE2B927018C2281E003EC6D7 /* MangaBoxAppDelegate.m */,
				BEB0363618C879A6006591C8 /* Controllers */,
				BEB0363718C879ED006591C8 /* Views */,
				BE14772018CA24DA00537103 /* Models */,
				BE2B92A218C228D3003EC6D7 /* Manga Fetcher */,
				BEA87F75190621E200477D97 /* Google Analytics */,
				BEA8395318C5BE1100184150 /* Helpers */,
				BEA8394618C4758800184150 /* HTML Parser */,
				BE2B926718C2281E003EC6D7 /* Supporting Files */,
			);
			path = MangaBox;
			sourceTree = "<group>";
		};
		BE2B926718C2281E003EC6D7 /* Supporting Files */ = {
			isa = PBXGroup;
			children = (
				BEC503B718CB71050013B7D0 /* MangaDictionaryDefinition.h */,
				BEAAFAE318FE807E00C3649A /* MangaBoxSettingsPropertyKeys.h */,
				BEA87F80190629F200477D97 /* GoogleAnalyticsConstant.h */,
				BEDEE60A18CDBA4000BF16A2 /* MangaBoxNotification.h */,
				BE2B926818C2281E003EC6D7 /* MangaBox-Info.plist */,
				BE2B926918C2281E003EC6D7 /* InfoPlist.strings */,
				BE2B926C18C2281E003EC6D7 /* main.m */,
				BE2B926E18C2281E003EC6D7 /* MangaBox-Prefix.pch */,
			);
			name = "Supporting Files";
			sourceTree = "<group>";
		};
		BE2B928F18C2281E003EC6D7 /* MangaBoxTests */ = {
			isa = PBXGroup;
			children = (
				BE2B929518C2281E003EC6D7 /* MangaBoxTests.m */,
				BE2B929018C2281E003EC6D7 /* Supporting Files */,
			);
			path = MangaBoxTests;
			sourceTree = "<group>";
		};
		BE2B929018C2281E003EC6D7 /* Supporting Files */ = {
			isa = PBXGroup;
			children = (
				BE2B929118C2281E003EC6D7 /* MangaBoxTests-Info.plist */,
				BE2B929218C2281E003EC6D7 /* InfoPlist.strings */,
			);
			name = "Supporting Files";
			sourceTree = "<group>";
		};
		BE2B92A218C228D3003EC6D7 /* Manga Fetcher */ = {
			isa = PBXGroup;
			children = (
				BEADD7AE18F1D0CE000C5440 /* MangaFetcher.h */,
				BEADD7AF18F1D0CE000C5440 /* MangaFetcher.m */,
				BE2B929F18C228CB003EC6D7 /* MangafoxFetcher.h */,
				BE2B92A018C228CB003EC6D7 /* MangafoxFetcher.m */,
				BEA58B8618DE1E59002B7FB0 /* MangareaderFetcher.h */,
				BEA58B8718DE1E59002B7FB0 /* MangareaderFetcher.m */,
			);
			name = "Manga Fetcher";
			sourceTree = "<group>";
		};
		BEA8394618C4758800184150 /* HTML Parser */ = {
			isa = PBXGroup;
			children = (
				BEA8394718C4759900184150 /* TFHpple.h */,
				BEA8394818C4759900184150 /* TFHpple.m */,
				BEA8394918C4759900184150 /* TFHppleElement.h */,
				BEA8394A18C4759900184150 /* TFHppleElement.m */,
				BEA8394B18C4759900184150 /* XPathQuery.h */,
				BEA8394C18C4759900184150 /* XPathQuery.m */,
			);
			name = "HTML Parser";
			sourceTree = "<group>";
		};
		BEA8395318C5BE1100184150 /* Helpers */ = {
			isa = PBXGroup;
			children = (
				BEA8395018C4D35800184150 /* NSString+Helper.h */,
				BEA8395118C4D35800184150 /* NSString+Helper.m */,
				BEA58B5F18DB309D002B7FB0 /* UIImage+Thumbnail.h */,
				BEA58B6018DB309D002B7FB0 /* UIImage+Thumbnail.m */,
				BEA820FB18E56C9200AE2124 /* UITabBarController+Rotation.h */,
				BEA820FC18E56C9200AE2124 /* UITabBarController+Rotation.m */,
			);
			name = Helpers;
			sourceTree = "<group>";
		};
		BEA87F75190621E200477D97 /* Google Analytics */ = {
			isa = PBXGroup;
			children = (
				BEA87F761906223B00477D97 /* GAI.h */,
				BEA87F771906223B00477D97 /* GAIDictionaryBuilder.h */,
				BEA87F781906223B00477D97 /* GAIFields.h */,
				BEA87F791906223B00477D97 /* GAILogger.h */,
				BEA87F7A1906223B00477D97 /* GAITrackedViewController.h */,
				BEA87F7B1906223B00477D97 /* GAITracker.h */,
			);
			name = "Google Analytics";
			sourceTree = "<group>";
		};
		BEB0363618C879A6006591C8 /* Controllers */ = {
			isa = PBXGroup;
			children = (
				BEAC665118DAC7A90010ABA1 /* MenuTabBarController.h */,
				BEAC665218DAC7A90010ABA1 /* MenuTabBarController.m */,
				BE1443CE193B41F900FC9DE4 /* Settings */,
				BE1443CC193B419900FC9DE4 /* Search */,
				BE1443CF193B423D00FC9DE4 /* Mangas/Chapters List */,
				BE1443CD193B41C900FC9DE4 /* View Chapter Pages */,
				BE1443D0193B427800FC9DE4 /* Download Controllers */,
			);
			name = Controllers;
			sourceTree = "<group>";
		};
		BEB0363718C879ED006591C8 /* Views */ = {
			isa = PBXGroup;
			children = (
				BE2B927218C2281E003EC6D7 /* Main_iPhone.storyboard */,
				BE2B927518C2281E003EC6D7 /* Main_iPad.storyboard */,
				BE2B928118C2281E003EC6D7 /* Images.xcassets */,
			);
			name = Views;
			sourceTree = "<group>";
		};
/* End PBXGroup section */

/* Begin PBXNativeTarget section */
		BE2B925A18C2281E003EC6D7 /* MangaBox */ = {
			isa = PBXNativeTarget;
			buildConfigurationList = BE2B929918C2281E003EC6D7 /* Build configuration list for PBXNativeTarget "MangaBox" */;
			buildPhases = (
				BE2B925718C2281E003EC6D7 /* Sources */,
				BE2B925818C2281E003EC6D7 /* Frameworks */,
				BE2B925918C2281E003EC6D7 /* Resources */,
			);
			buildRules = (
			);
			dependencies = (
			);
			name = MangaBox;
			productName = MangaBox;
			productReference = BE2B925B18C2281E003EC6D7 /* MangaBox.app */;
			productType = "com.apple.product-type.application";
		};
		BE2B928618C2281E003EC6D7 /* MangaBoxTests */ = {
			isa = PBXNativeTarget;
			buildConfigurationList = BE2B929C18C2281E003EC6D7 /* Build configuration list for PBXNativeTarget "MangaBoxTests" */;
			buildPhases = (
				BE2B928318C2281E003EC6D7 /* Sources */,
				BE2B928418C2281E003EC6D7 /* Frameworks */,
				BE2B928518C2281E003EC6D7 /* Resources */,
			);
			buildRules = (
			);
			dependencies = (
				BE2B928E18C2281E003EC6D7 /* PBXTargetDependency */,
			);
			name = MangaBoxTests;
			productName = MangaBoxTests;
			productReference = BE2B928718C2281E003EC6D7 /* MangaBoxTests.xctest */;
			productType = "com.apple.product-type.bundle.unit-test";
		};
/* End PBXNativeTarget section */

/* Begin PBXProject section */
		BE2B925318C2281E003EC6D7 /* Project object */ = {
			isa = PBXProject;
			attributes = {
				CLASSPREFIX = MangaBox;
				LastUpgradeCheck = 0510;
				ORGANIZATIONNAME = "Ken Tran";
				TargetAttributes = {
					BE2B925A18C2281E003EC6D7 = {
						DevelopmentTeam = W5QSS7NALV;
					};
					BE2B928618C2281E003EC6D7 = {
						TestTargetID = BE2B925A18C2281E003EC6D7;
					};
				};
			};
			buildConfigurationList = BE2B925618C2281E003EC6D7 /* Build configuration list for PBXProject "MangaBox" */;
			compatibilityVersion = "Xcode 3.2";
			developmentRegion = English;
			hasScannedForEncodings = 0;
			knownRegions = (
				en,
				Base,
			);
			mainGroup = BE2B925218C2281E003EC6D7;
			productRefGroup = BE2B925C18C2281E003EC6D7 /* Products */;
			projectDirPath = "";
			projectRoot = "";
			targets = (
				BE2B925A18C2281E003EC6D7 /* MangaBox */,
				BE2B928618C2281E003EC6D7 /* MangaBoxTests */,
			);
		};
/* End PBXProject section */

/* Begin PBXResourcesBuildPhase section */
		BE2B925918C2281E003EC6D7 /* Resources */ = {
			isa = PBXResourcesBuildPhase;
			buildActionMask = 2147483647;
			files = (
				BE2B927718C2281E003EC6D7 /* Main_iPad.storyboard in Resources */,
				BE2B928218C2281E003EC6D7 /* Images.xcassets in Resources */,
				BE2B927418C2281E003EC6D7 /* Main_iPhone.storyboard in Resources */,
				BE2B926B18C2281E003EC6D7 /* InfoPlist.strings in Resources */,
			);
			runOnlyForDeploymentPostprocessing = 0;
		};
		BE2B928518C2281E003EC6D7 /* Resources */ = {
			isa = PBXResourcesBuildPhase;
			buildActionMask = 2147483647;
			files = (
				BE2B929418C2281E003EC6D7 /* InfoPlist.strings in Resources */,
			);
			runOnlyForDeploymentPostprocessing = 0;
		};
/* End PBXResourcesBuildPhase section */

/* Begin PBXSourcesBuildPhase section */
		BE2B925718C2281E003EC6D7 /* Sources */ = {
			isa = PBXSourcesBuildPhase;
			buildActionMask = 2147483647;
			files = (
				BE1443C8193AF4A000FC9DE4 /* Manga.m in Sources */,
				BE2B927A18C2281E003EC6D7 /* MangaBox.xcdatamodeld in Sources */,
				BE3D847618CE173600AD9753 /* Chapter+Create.m in Sources */,
				BEAA02F218EC8A6900E94277 /* Chapter+UpdateInfo.m in Sources */,
				BEA58B6118DB309D002B7FB0 /* UIImage+Thumbnail.m in Sources */,
				BE1443C2193AF4A000FC9DE4 /* CoverImage.m in Sources */,
				BE2B92C018C24ABF003EC6D7 /* SearchedMangaViewController.m in Sources */,
				BEC503BD18CB83840013B7D0 /* CoreDataTableViewController.m in Sources */,
				BEAC664718D725370010ABA1 /* ChapterPageViewController.m in Sources */,
				BEA58B8818DE1E59002B7FB0 /* MangareaderFetcher.m in Sources */,
				BEA8CC6718CF0688000851E4 /* ChaptersByMangaCDTVC.m in Sources */,
				BEA8394518C3766700184150 /* MangaSummaryViewController.m in Sources */,
				BEA58B8518DDCA4D002B7FB0 /* BrowserViewController.m in Sources */,
				BEC503BA18CB72100013B7D0 /* CoverImage+Create.m in Sources */,
				BEADD7B018F1D0CE000C5440 /* MangaFetcher.m in Sources */,
				BEA87F731902D49400477D97 /* DownloadTasksTVC.m in Sources */,
				BEC503AF18CB26D00013B7D0 /* Manga+Create.m in Sources */,
				BEA58B7F18DDA032002B7FB0 /* AddMangaConfirmViewController.m in Sources */,
				BEA820F718E1672E00AE2124 /* Manga+Clear.m in Sources */,
				BE2B92A118C228CB003EC6D7 /* MangafoxFetcher.m in Sources */,
				BEA8210318E83A5100AE2124 /* AdvancedSearchTVC.m in Sources */,
				BEA8394D18C4759900184150 /* TFHpple.m in Sources */,
				BEADD7B318F42D4B000C5440 /* DownloadManager.m in Sources */,
				BE2B92C618C31DFA003EC6D7 /* ParsedMangasTVC.m in Sources */,
				BE2B926D18C2281E003EC6D7 /* main.m in Sources */,
				BE2B927118C2281E003EC6D7 /* MangaBoxAppDelegate.m in Sources */,
				BEA58B7618DCD63E002B7FB0 /* ChaptersByBookmarkCDTVC.m in Sources */,
				BEA820FD18E56C9200AE2124 /* UITabBarController+Rotation.m in Sources */,
				BEA8CC7618CF4AB8000851E4 /* ImageViewController.m in Sources */,
				BEA820FA18E53D2B00AE2124 /* ChapterViewController.m in Sources */,
				BE1443C5193AF4A000FC9DE4 /* Page.m in Sources */,
				BEA8CC8218D0B2C5000851E4 /* Page+Create.m in Sources */,
				BEA8394F18C4759900184150 /* XPathQuery.m in Sources */,
				BEA8210018E5BB2C00AE2124 /* Chapter+Lookup.m in Sources */,
				BEA58B8B18E0AA23002B7FB0 /* Page+Getter.m in Sources */,
				BEAAFAE618FF00B600C3649A /* StaticScrollViewController.m in Sources */,
				BEB4445218FD1EFE00F0F578 /* SearchResultSplitViewController.m in Sources */,
				BEB46F3919585C8D008E81EB /* Page+Delete.m in Sources */,
				BEAAFAE218FE7D2100C3649A /* SettingsTVC.m in Sources */,
				BEA58B7018DC3E0B002B7FB0 /* ImageScrollView.m in Sources */,
				BEA8395218C4D35800184150 /* NSString+Helper.m in Sources */,
				BEA8394E18C4759900184150 /* TFHppleElement.m in Sources */,
				BEAC665318DAC7A90010ABA1 /* MenuTabBarController.m in Sources */,
				BEA8CC6A18CF09A9000851E4 /* ChaptersCDTVC.m in Sources */,
				BE1443CB193AF4A000FC9DE4 /* Chapter.m in Sources */,
				BEC503C018CB868F0013B7D0 /* MangasCDTVC.m in Sources */,
			);
			runOnlyForDeploymentPostprocessing = 0;
		};
		BE2B928318C2281E003EC6D7 /* Sources */ = {
			isa = PBXSourcesBuildPhase;
			buildActionMask = 2147483647;
			files = (
				BE2B929618C2281E003EC6D7 /* MangaBoxTests.m in Sources */,
			);
			runOnlyForDeploymentPostprocessing = 0;
		};
/* End PBXSourcesBuildPhase section */

/* Begin PBXTargetDependency section */
		BE2B928E18C2281E003EC6D7 /* PBXTargetDependency */ = {
			isa = PBXTargetDependency;
			target = BE2B925A18C2281E003EC6D7 /* MangaBox */;
			targetProxy = BE2B928D18C2281E003EC6D7 /* PBXContainerItemProxy */;
		};
/* End PBXTargetDependency section */

/* Begin PBXVariantGroup section */
		BE2B926918C2281E003EC6D7 /* InfoPlist.strings */ = {
			isa = PBXVariantGroup;
			children = (
				BE2B926A18C2281E003EC6D7 /* en */,
			);
			name = InfoPlist.strings;
			sourceTree = "<group>";
		};
		BE2B927218C2281E003EC6D7 /* Main_iPhone.storyboard */ = {
			isa = PBXVariantGroup;
			children = (
				BE2B927318C2281E003EC6D7 /* Base */,
			);
			name = Main_iPhone.storyboard;
			sourceTree = "<group>";
		};
		BE2B927518C2281E003EC6D7 /* Main_iPad.storyboard */ = {
			isa = PBXVariantGroup;
			children = (
				BE2B927618C2281E003EC6D7 /* Base */,
			);
			name = Main_iPad.storyboard;
			sourceTree = "<group>";
		};
		BE2B929218C2281E003EC6D7 /* InfoPlist.strings */ = {
			isa = PBXVariantGroup;
			children = (
				BE2B929318C2281E003EC6D7 /* en */,
			);
			name = InfoPlist.strings;
			sourceTree = "<group>";
		};
/* End PBXVariantGroup section */

/* Begin XCBuildConfiguration section */
		BE2B929718C2281E003EC6D7 /* Debug */ = {
			isa = XCBuildConfiguration;
			buildSettings = {
				ALWAYS_SEARCH_USER_PATHS = NO;
				CLANG_CXX_LANGUAGE_STANDARD = "gnu++0x";
				CLANG_CXX_LIBRARY = "libc++";
				CLANG_ENABLE_MODULES = YES;
				CLANG_ENABLE_OBJC_ARC = YES;
				CLANG_WARN_BOOL_CONVERSION = YES;
				CLANG_WARN_CONSTANT_CONVERSION = YES;
				CLANG_WARN_DIRECT_OBJC_ISA_USAGE = YES_ERROR;
				CLANG_WARN_EMPTY_BODY = YES;
				CLANG_WARN_ENUM_CONVERSION = YES;
				CLANG_WARN_INT_CONVERSION = YES;
				CLANG_WARN_OBJC_ROOT_CLASS = YES_ERROR;
				CLANG_WARN__DUPLICATE_METHOD_MATCH = YES;
				"CODE_SIGN_IDENTITY[sdk=iphoneos*]" = "iPhone Developer";
				COPY_PHASE_STRIP = NO;
				GCC_C_LANGUAGE_STANDARD = gnu99;
				GCC_DYNAMIC_NO_PIC = NO;
				GCC_OPTIMIZATION_LEVEL = 0;
				GCC_PREPROCESSOR_DEFINITIONS = (
					"DEBUG=1",
					"$(inherited)",
				);
				GCC_SYMBOLS_PRIVATE_EXTERN = NO;
				GCC_WARN_64_TO_32_BIT_CONVERSION = YES;
				GCC_WARN_ABOUT_RETURN_TYPE = YES_ERROR;
				GCC_WARN_UNDECLARED_SELECTOR = YES;
				GCC_WARN_UNINITIALIZED_AUTOS = YES;
				GCC_WARN_UNUSED_FUNCTION = YES;
				GCC_WARN_UNUSED_VARIABLE = YES;
				HEADER_SEARCH_PATHS = (
					"$(inherited)",
					/Applications/Xcode.app/Contents/Developer/Toolchains/XcodeDefault.xctoolchain/usr/include,
					$SDK_DIR/usr/include/libxml2,
				);
				IPHONEOS_DEPLOYMENT_TARGET = 7.0;
				ONLY_ACTIVE_ARCH = YES;
				PROVISIONING_PROFILE = "";
				SDKROOT = iphoneos;
				TARGETED_DEVICE_FAMILY = "1,2";
			};
			name = Debug;
		};
		BE2B929818C2281E003EC6D7 /* Release */ = {
			isa = XCBuildConfiguration;
			buildSettings = {
				ALWAYS_SEARCH_USER_PATHS = NO;
				CLANG_CXX_LANGUAGE_STANDARD = "gnu++0x";
				CLANG_CXX_LIBRARY = "libc++";
				CLANG_ENABLE_MODULES = YES;
				CLANG_ENABLE_OBJC_ARC = YES;
				CLANG_WARN_BOOL_CONVERSION = YES;
				CLANG_WARN_CONSTANT_CONVERSION = YES;
				CLANG_WARN_DIRECT_OBJC_ISA_USAGE = YES_ERROR;
				CLANG_WARN_EMPTY_BODY = YES;
				CLANG_WARN_ENUM_CONVERSION = YES;
				CLANG_WARN_INT_CONVERSION = YES;
				CLANG_WARN_OBJC_ROOT_CLASS = YES_ERROR;
				CLANG_WARN__DUPLICATE_METHOD_MATCH = YES;
				"CODE_SIGN_IDENTITY[sdk=iphoneos*]" = "iPhone Distribution: Ken Tran (W5QSS7NALV)";
				COPY_PHASE_STRIP = YES;
				ENABLE_NS_ASSERTIONS = NO;
				GCC_C_LANGUAGE_STANDARD = gnu99;
				GCC_WARN_64_TO_32_BIT_CONVERSION = YES;
				GCC_WARN_ABOUT_RETURN_TYPE = YES_ERROR;
				GCC_WARN_UNDECLARED_SELECTOR = YES;
				GCC_WARN_UNINITIALIZED_AUTOS = YES;
				GCC_WARN_UNUSED_FUNCTION = YES;
				GCC_WARN_UNUSED_VARIABLE = YES;
				HEADER_SEARCH_PATHS = (
					"$(inherited)",
					/Applications/Xcode.app/Contents/Developer/Toolchains/XcodeDefault.xctoolchain/usr/include,
					$SDK_DIR/usr/include/libxml2,
				);
				IPHONEOS_DEPLOYMENT_TARGET = 7.0;
				PROVISIONING_PROFILE = "";
				SDKROOT = iphoneos;
				TARGETED_DEVICE_FAMILY = "1,2";
				VALIDATE_PRODUCT = YES;
			};
			name = Release;
		};
		BE2B929A18C2281E003EC6D7 /* Debug */ = {
			isa = XCBuildConfiguration;
			buildSettings = {
				ASSETCATALOG_COMPILER_APPICON_NAME = AppIcon;
				ASSETCATALOG_COMPILER_LAUNCHIMAGE_NAME = LaunchImage;
				CODE_SIGN_IDENTITY = "iPhone Developer";
				"CODE_SIGN_IDENTITY[sdk=iphoneos*]" = "iPhone Developer";
				GCC_PRECOMPILE_PREFIX_HEADER = YES;
				GCC_PREFIX_HEADER = "MangaBox/MangaBox-Prefix.pch";
				INFOPLIST_FILE = "MangaBox/MangaBox-Info.plist";
				LIBRARY_SEARCH_PATHS = (
					"$(inherited)",
					/Users/ken/Developer/GoogleAnalyticsServicesiOS_3.06,
				);
				PRODUCT_NAME = "$(TARGET_NAME)";
				PROVISIONING_PROFILE = "A21D43E4-DB27-458F-A448-2548476F390F";
				WRAPPER_EXTENSION = app;
			};
			name = Debug;
		};
		BE2B929B18C2281E003EC6D7 /* Release */ = {
			isa = XCBuildConfiguration;
			buildSettings = {
				ASSETCATALOG_COMPILER_APPICON_NAME = AppIcon;
				ASSETCATALOG_COMPILER_LAUNCHIMAGE_NAME = LaunchImage;
				CODE_SIGN_IDENTITY = "iPhone Developer";
				"CODE_SIGN_IDENTITY[sdk=iphoneos*]" = "iPhone Developer";
				GCC_PRECOMPILE_PREFIX_HEADER = YES;
				GCC_PREFIX_HEADER = "MangaBox/MangaBox-Prefix.pch";
				INFOPLIST_FILE = "MangaBox/MangaBox-Info.plist";
				LIBRARY_SEARCH_PATHS = (
					"$(inherited)",
					/Users/ken/Developer/GoogleAnalyticsServicesiOS_3.06,
				);
				PRODUCT_NAME = "$(TARGET_NAME)";
				PROVISIONING_PROFILE = "5BCFDDAB-88DD-4234-AD4C-A5C70EDC1DB0";
				WRAPPER_EXTENSION = app;
			};
			name = Release;
		};
		BE2B929D18C2281E003EC6D7 /* Debug */ = {
			isa = XCBuildConfiguration;
			buildSettings = {
				BUNDLE_LOADER = "$(BUILT_PRODUCTS_DIR)/MangaBox.app/MangaBox";
				FRAMEWORK_SEARCH_PATHS = (
					"$(SDKROOT)/Developer/Library/Frameworks",
					"$(inherited)",
					"$(DEVELOPER_FRAMEWORKS_DIR)",
				);
				GCC_PRECOMPILE_PREFIX_HEADER = YES;
				GCC_PREFIX_HEADER = "MangaBox/MangaBox-Prefix.pch";
				GCC_PREPROCESSOR_DEFINITIONS = (
					"DEBUG=1",
					"$(inherited)",
				);
				INFOPLIST_FILE = "MangaBoxTests/MangaBoxTests-Info.plist";
				PRODUCT_NAME = "$(TARGET_NAME)";
				TEST_HOST = "$(BUNDLE_LOADER)";
				WRAPPER_EXTENSION = xctest;
			};
			name = Debug;
		};
		BE2B929E18C2281E003EC6D7 /* Release */ = {
			isa = XCBuildConfiguration;
			buildSettings = {
				BUNDLE_LOADER = "$(BUILT_PRODUCTS_DIR)/MangaBox.app/MangaBox";
				FRAMEWORK_SEARCH_PATHS = (
					"$(SDKROOT)/Developer/Library/Frameworks",
					"$(inherited)",
					"$(DEVELOPER_FRAMEWORKS_DIR)",
				);
				GCC_PRECOMPILE_PREFIX_HEADER = YES;
				GCC_PREFIX_HEADER = "MangaBox/MangaBox-Prefix.pch";
				INFOPLIST_FILE = "MangaBoxTests/MangaBoxTests-Info.plist";
				PRODUCT_NAME = "$(TARGET_NAME)";
				TEST_HOST = "$(BUNDLE_LOADER)";
				WRAPPER_EXTENSION = xctest;
			};
			name = Release;
		};
/* End XCBuildConfiguration section */

/* Begin XCConfigurationList section */
		BE2B925618C2281E003EC6D7 /* Build configuration list for PBXProject "MangaBox" */ = {
			isa = XCConfigurationList;
			buildConfigurations = (
				BE2B929718C2281E003EC6D7 /* Debug */,
				BE2B929818C2281E003EC6D7 /* Release */,
			);
			defaultConfigurationIsVisible = 0;
			defaultConfigurationName = Release;
		};
		BE2B929918C2281E003EC6D7 /* Build configuration list for PBXNativeTarget "MangaBox" */ = {
			isa = XCConfigurationList;
			buildConfigurations = (
				BE2B929A18C2281E003EC6D7 /* Debug */,
				BE2B929B18C2281E003EC6D7 /* Release */,
			);
			defaultConfigurationIsVisible = 0;
			defaultConfigurationName = Release;
		};
		BE2B929C18C2281E003EC6D7 /* Build configuration list for PBXNativeTarget "MangaBoxTests" */ = {
			isa = XCConfigurationList;
			buildConfigurations = (
				BE2B929D18C2281E003EC6D7 /* Debug */,
				BE2B929E18C2281E003EC6D7 /* Release */,
			);
			defaultConfigurationIsVisible = 0;
			defaultConfigurationName = Release;
		};
/* End XCConfigurationList section */

/* Begin XCVersionGroup section */
		BE2B927818C2281E003EC6D7 /* MangaBox.xcdatamodeld */ = {
			isa = XCVersionGroup;
			children = (
				BE2B927918C2281E003EC6D7 /* MangaBox.xcdatamodel */,
			);
			currentVersion = BE2B927918C2281E003EC6D7 /* MangaBox.xcdatamodel */;
			path = MangaBox.xcdatamodeld;
			sourceTree = "<group>";
			versionGroupType = wrapper.xcdatamodel;
		};
/* End XCVersionGroup section */
	};
	rootObject = BE2B925318C2281E003EC6D7 /* Project object */;
}
